
Microsoft Visual Studio Solution File, Format Version 12.00
# Visual Studio Version 17
VisualStudioVersion = 17.2.32616.157
MinimumVisualStudioVersion = 10.0.40219.1
Project("{FAE04EC0-301F-11D3-BF4B-00C04F79EFBC}") = "DataPoints", "DataPoints\DataPoints.csproj", "{2C3C6880-D408-4B60-A90B-A66DDFED5F4F}"
EndProject
Global
	GlobalSection(SolutionConfigurationPlatforms) = preSolution
		Debug|Any CPU = Debug|Any CPU
		Release|Any CPU = Release|Any CPU
	EndGlobalSection
	GlobalSection(ProjectConfigurationPlatforms) = postSolution
		{2C3C6880-D408-4B60-A90B-A66DDFED5F4F}.Debug|Any CPU.ActiveCfg = Debug|Any CPU
		{2C3C6880-D408-4B60-A90B-A66DDFED5F4F}.Debug|Any CPU.Build.0 = Debug|Any CPU
		{2C3C6880-D408-4B60-A90B-A66DDFED5F4F}.Release|Any CPU.ActiveCfg = Release|Any CPU
		{2C3C6880-D408-4B60-A90B-A66DDFED5F4F}.Release|Any CPU.Build.0 = Release|Any CPU
	EndGlobalSection
	GlobalSection(SolutionProperties) = preSolution
		HideSolutionNode = FALSE
	EndGlobalSection
	GlobalSection(ExtensibilityGlobals) = postSolution
		SolutionGuid = {86B925C4-32FC-4C4B-8454-92D2F50571A6}
	EndGlobalSection
EndGlobal
